
Microsoft Visual Studio Solution File, Format Version 12.00
# Visual Studio 15
VisualStudioVersion = 15.0.27130.2027
MinimumVisualStudioVersion = 10.0.40219.1
Project("{FAE04EC0-301F-11D3-BF4B-00C04F79EFBC}") = "XfMvvmLnetStd.Android", "XfMvvmLnetStd\XfMvvmLnetStd.Android\XfMvvmLnetStd.Android.csproj", "{2A7B14A3-6203-4B9A-8062-F42A0062EFAD}"
EndProject
Project("{FAE04EC0-301F-11D3-BF4B-00C04F79EFBC}") = "XfMvvmLnetStd.iOS", "XfMvvmLnetStd\XfMvvmLnetStd.iOS\XfMvvmLnetStd.iOS.csproj", "{746C878F-3C0C-477E-A00D-9F501D4AD973}"
EndProject
Project("{FAE04EC0-301F-11D3-BF4B-00C04F79EFBC}") = "XfMvvmLnetStd.UWP", "XfMvvmLnetStd\XfMvvmLnetStd.UWP\XfMvvmLnetStd.UWP.csproj", "{B8963550-4C7E-46D1-8D09-3B7B04189BF6}"
EndProject
Project("{FAE04EC0-301F-11D3-BF4B-00C04F79EFBC}") = "XfMvvmLnetStd", "XfMvvmLnetStd\XfMvvmLnetStd\XfMvvmLnetStd.csproj", "{12901A29-48EC-4C09-90C1-2F88781276CA}"
EndProject
Global
	GlobalSection(SolutionConfigurationPlatforms) = preSolution
		Ad-Hoc|Any CPU = Ad-Hoc|Any CPU
		Ad-Hoc|ARM = Ad-Hoc|ARM
		Ad-Hoc|iPhone = Ad-Hoc|iPhone
		Ad-Hoc|iPhoneSimulator = Ad-Hoc|iPhoneSimulator
		Ad-Hoc|x64 = Ad-Hoc|x64
		Ad-Hoc|x86 = Ad-Hoc|x86
		AppStore|Any CPU = AppStore|Any CPU
		AppStore|ARM = AppStore|ARM
		AppStore|iPhone = AppStore|iPhone
		AppStore|iPhoneSimulator = AppStore|iPhoneSimulator
		AppStore|x64 = AppStore|x64
		AppStore|x86 = AppStore|x86
		Debug|Any CPU = Debug|Any CPU
		Debug|ARM = Debug|ARM
		Debug|iPhone = Debug|iPhone
		Debug|iPhoneSimulator = Debug|iPhoneSimulator
		Debug|x64 = Debug|x64
		Debug|x86 = Debug|x86
		Release|Any CPU = Release|Any CPU
		Release|ARM = Release|ARM
		Release|iPhone = Release|iPhone
		Release|iPhoneSimulator = Release|iPhoneSimulator
		Release|x64 = Release|x64
		Release|x86 = Release|x86
	EndGlobalSection
	GlobalSection(ProjectConfigurationPlatforms) = postSolution
		{2A7B14A3-6203-4B9A-8062-F42A0062EFAD}.Ad-Hoc|Any CPU.ActiveCfg = Release|Any CPU
		{2A7B14A3-6203-4B9A-8062-F42A0062EFAD}.Ad-Hoc|Any CPU.Build.0 = Release|Any CPU
		{2A7B14A3-6203-4B9A-8062-F42A0062EFAD}.Ad-Hoc|Any CPU.Deploy.0 = Release|Any CPU
		{2A7B14A3-6203-4B9A-8062-F42A0062EFAD}.Ad-Hoc|ARM.ActiveCfg = Release|Any CPU
		{2A7B14A3-6203-4B9A-8062-F42A0062EFAD}.Ad-Hoc|ARM.Build.0 = Release|Any CPU
		{2A7B14A3-6203-4B9A-8062-F42A0062EFAD}.Ad-Hoc|ARM.Deploy.0 = Release|Any CPU
		{2A7B14A3-6203-4B9A-8062-F42A0062EFAD}.Ad-Hoc|iPhone.ActiveCfg = Release|Any CPU
		{2A7B14A3-6203-4B9A-8062-F42A0062EFAD}.Ad-Hoc|iPhone.Build.0 = Release|Any CPU
		{2A7B14A3-6203-4B9A-8062-F42A0062EFAD}.Ad-Hoc|iPhone.Deploy.0 = Release|Any CPU
		{2A7B14A3-6203-4B9A-8062-F42A0062EFAD}.Ad-Hoc|iPhoneSimulator.ActiveCfg = Release|Any CPU
		{2A7B14A3-6203-4B9A-8062-F42A0062EFAD}.Ad-Hoc|iPhoneSimulator.Build.0 = Release|Any CPU
		{2A7B14A3-6203-4B9A-8062-F42A0062EFAD}.Ad-Hoc|iPhoneSimulator.Deploy.0 = Release|Any CPU
		{2A7B14A3-6203-4B9A-8062-F42A0062EFAD}.Ad-Hoc|x64.ActiveCfg = Release|Any CPU
		{2A7B14A3-6203-4B9A-8062-F42A0062EFAD}.Ad-Hoc|x64.Build.0 = Release|Any CPU
		{2A7B14A3-6203-4B9A-8062-F42A0062EFAD}.Ad-Hoc|x64.Deploy.0 = Release|Any CPU
		{2A7B14A3-6203-4B9A-8062-F42A0062EFAD}.Ad-Hoc|x86.ActiveCfg = Release|Any CPU
		{2A7B14A3-6203-4B9A-8062-F42A0062EFAD}.Ad-Hoc|x86.Build.0 = Release|Any CPU
		{2A7B14A3-6203-4B9A-8062-F42A0062EFAD}.Ad-Hoc|x86.Deploy.0 = Release|Any CPU
		{2A7B14A3-6203-4B9A-8062-F42A0062EFAD}.AppStore|Any CPU.ActiveCfg = Release|Any CPU
		{2A7B14A3-6203-4B9A-8062-F42A0062EFAD}.AppStore|Any CPU.Build.0 = Release|Any CPU
		{2A7B14A3-6203-4B9A-8062-F42A0062EFAD}.AppStore|Any CPU.Deploy.0 = Release|Any CPU
		{2A7B14A3-6203-4B9A-8062-F42A0062EFAD}.AppStore|ARM.ActiveCfg = Release|Any CPU
		{2A7B14A3-6203-4B9A-8062-F42A0062EFAD}.AppStore|ARM.Build.0 = Release|Any CPU
		{2A7B14A3-6203-4B9A-8062-F42A0062EFAD}.AppStore|ARM.Deploy.0 = Release|Any CPU
		{2A7B14A3-6203-4B9A-8062-F42A0062EFAD}.AppStore|iPhone.ActiveCfg = Release|Any CPU
		{2A7B14A3-6203-4B9A-8062-F42A0062EFAD}.AppStore|iPhone.Build.0 = Release|Any CPU
		{2A7B14A3-6203-4B9A-8062-F42A0062EFAD}.AppStore|iPhone.Deploy.0 = Release|Any CPU
		{2A7B14A3-6203-4B9A-8062-F42A0062EFAD}.AppStore|iPhoneSimulator.ActiveCfg = Release|Any CPU
		{2A7B14A3-6203-4B9A-8062-F42A0062EFAD}.AppStore|iPhoneSimulator.Build.0 = Release|Any CPU
		{2A7B14A3-6203-4B9A-8062-F42A0062EFAD}.AppStore|iPhoneSimulator.Deploy.0 = Release|Any CPU
		{2A7B14A3-6203-4B9A-8062-F42A0062EFAD}.AppStore|x64.ActiveCfg = Release|Any CPU
		{2A7B14A3-6203-4B9A-8062-F42A0062EFAD}.AppStore|x64.Build.0 = Release|Any CPU
		{2A7B14A3-6203-4B9A-8062-F42A0062EFAD}.AppStore|x64.Deploy.0 = Release|Any CPU
		{2A7B14A3-6203-4B9A-8062-F42A0062EFAD}.AppStore|x86.ActiveCfg = Release|Any CPU
		{2A7B14A3-6203-4B9A-8062-F42A0062EFAD}.AppStore|x86.Build.0 = Release|Any CPU
		{2A7B14A3-6203-4B9A-8062-F42A0062EFAD}.AppStore|x86.Deploy.0 = Release|Any CPU
		{2A7B14A3-6203-4B9A-8062-F42A0062EFAD}.Debug|Any CPU.ActiveCfg = Debug|Any CPU
		{2A7B14A3-6203-4B9A-8062-F42A0062EFAD}.Debug|Any CPU.Build.0 = Debug|Any CPU
		{2A7B14A3-6203-4B9A-8062-F42A0062EFAD}.Debug|Any CPU.Deploy.0 = Debug|Any CPU
		{2A7B14A3-6203-4B9A-8062-F42A0062EFAD}.Debug|ARM.ActiveCfg = Debug|Any CPU
		{2A7B14A3-6203-4B9A-8062-F42A0062EFAD}.Debug|ARM.Build.0 = Debug|Any CPU
		{2A7B14A3-6203-4B9A-8062-F42A0062EFAD}.Debug|ARM.Deploy.0 = Debug|Any CPU
		{2A7B14A3-6203-4B9A-8062-F42A0062EFAD}.Debug|iPhone.ActiveCfg = Debug|Any CPU
		{2A7B14A3-6203-4B9A-8062-F42A0062EFAD}.Debug|iPhone.Build.0 = Debug|Any CPU
		{2A7B14A3-6203-4B9A-8062-F42A0062EFAD}.Debug|iPhone.Deploy.0 = Debug|Any CPU
		{2A7B14A3-6203-4B9A-8062-F42A0062EFAD}.Debug|iPhoneSimulator.ActiveCfg = Debug|Any CPU
		{2A7B14A3-6203-4B9A-8062-F42A0062EFAD}.Debug|iPhoneSimulator.Build.0 = Debug|Any CPU
		{2A7B14A3-6203-4B9A-8062-F42A0062EFAD}.Debug|iPhoneSimulator.Deploy.0 = Debug|Any CPU
		{2A7B14A3-6203-4B9A-8062-F42A0062EFAD}.Debug|x64.ActiveCfg = Debug|Any CPU
		{2A7B14A3-6203-4B9A-8062-F42A0062EFAD}.Debug|x64.Build.0 = Debug|Any CPU
		{2A7B14A3-6203-4B9A-8062-F42A0062EFAD}.Debug|x64.Deploy.0 = Debug|Any CPU
		{2A7B14A3-6203-4B9A-8062-F42A0062EFAD}.Debug|x86.ActiveCfg = Debug|Any CPU
		{2A7B14A3-6203-4B9A-8062-F42A0062EFAD}.Debug|x86.Build.0 = Debug|Any CPU
		{2A7B14A3-6203-4B9A-8062-F42A0062EFAD}.Debug|x86.Deploy.0 = Debug|Any CPU
		{2A7B14A3-6203-4B9A-8062-F42A0062EFAD}.Release|Any CPU.ActiveCfg = Release|Any CPU
		{2A7B14A3-6203-4B9A-8062-F42A0062EFAD}.Release|Any CPU.Build.0 = Release|Any CPU
		{2A7B14A3-6203-4B9A-8062-F42A0062EFAD}.Release|Any CPU.Deploy.0 = Release|Any CPU
		{2A7B14A3-6203-4B9A-8062-F42A0062EFAD}.Release|ARM.ActiveCfg = Release|Any CPU
		{2A7B14A3-6203-4B9A-8062-F42A0062EFAD}.Release|ARM.Build.0 = Release|Any CPU
		{2A7B14A3-6203-4B9A-8062-F42A0062EFAD}.Release|ARM.Deploy.0 = Release|Any CPU
		{2A7B14A3-6203-4B9A-8062-F42A0062EFAD}.Release|iPhone.ActiveCfg = Release|Any CPU
		{2A7B14A3-6203-4B9A-8062-F42A0062EFAD}.Release|iPhone.Build.0 = Release|Any CPU
		{2A7B14A3-6203-4B9A-8062-F42A0062EFAD}.Release|iPhone.Deploy.0 = Release|Any CPU
		{2A7B14A3-6203-4B9A-8062-F42A0062EFAD}.Release|iPhoneSimulator.ActiveCfg = Release|Any CPU
		{2A7B14A3-6203-4B9A-8062-F42A0062EFAD}.Release|iPhoneSimulator.Build.0 = Release|Any CPU
		{2A7B14A3-6203-4B9A-8062-F42A0062EFAD}.Release|iPhoneSimulator.Deploy.0 = Release|Any CPU
		{2A7B14A3-6203-4B9A-8062-F42A0062EFAD}.Release|x64.ActiveCfg = Release|Any CPU
		{2A7B14A3-6203-4B9A-8062-F42A0062EFAD}.Release|x64.Build.0 = Release|Any CPU
		{2A7B14A3-6203-4B9A-8062-F42A0062EFAD}.Release|x64.Deploy.0 = Release|Any CPU
		{2A7B14A3-6203-4B9A-8062-F42A0062EFAD}.Release|x86.ActiveCfg = Release|Any CPU
		{2A7B14A3-6203-4B9A-8062-F42A0062EFAD}.Release|x86.Build.0 = Release|Any CPU
		{2A7B14A3-6203-4B9A-8062-F42A0062EFAD}.Release|x86.Deploy.0 = Release|Any CPU
		{746C878F-3C0C-477E-A00D-9F501D4AD973}.Ad-Hoc|Any CPU.ActiveCfg = Ad-Hoc|iPhone
		{746C878F-3C0C-477E-A00D-9F501D4AD973}.Ad-Hoc|ARM.ActiveCfg = Ad-Hoc|iPhone
		{746C878F-3C0C-477E-A00D-9F501D4AD973}.Ad-Hoc|iPhone.ActiveCfg = Ad-Hoc|iPhone
		{746C878F-3C0C-477E-A00D-9F501D4AD973}.Ad-Hoc|iPhone.Build.0 = Ad-Hoc|iPhone
		{746C878F-3C0C-477E-A00D-9F501D4AD973}.Ad-Hoc|iPhoneSimulator.ActiveCfg = Ad-Hoc|iPhoneSimulator
		{746C878F-3C0C-477E-A00D-9F501D4AD973}.Ad-Hoc|iPhoneSimulator.Build.0 = Ad-Hoc|iPhoneSimulator
		{746C878F-3C0C-477E-A00D-9F501D4AD973}.Ad-Hoc|x64.ActiveCfg = Ad-Hoc|iPhone
		{746C878F-3C0C-477E-A00D-9F501D4AD973}.Ad-Hoc|x86.ActiveCfg = Ad-Hoc|iPhone
		{746C878F-3C0C-477E-A00D-9F501D4AD973}.AppStore|Any CPU.ActiveCfg = AppStore|iPhone
		{746C878F-3C0C-477E-A00D-9F501D4AD973}.AppStore|ARM.ActiveCfg = AppStore|iPhone
		{746C878F-3C0C-477E-A00D-9F501D4AD973}.AppStore|iPhone.ActiveCfg = AppStore|iPhone
		{746C878F-3C0C-477E-A00D-9F501D4AD973}.AppStore|iPhone.Build.0 = AppStore|iPhone
		{746C878F-3C0C-477E-A00D-9F501D4AD973}.AppStore|iPhoneSimulator.ActiveCfg = AppStore|iPhoneSimulator
		{746C878F-3C0C-477E-A00D-9F501D4AD973}.AppStore|iPhoneSimulator.Build.0 = AppStore|iPhoneSimulator
		{746C878F-3C0C-477E-A00D-9F501D4AD973}.AppStore|x64.ActiveCfg = AppStore|iPhone
		{746C878F-3C0C-477E-A00D-9F501D4AD973}.AppStore|x86.ActiveCfg = AppStore|iPhone
		{746C878F-3C0C-477E-A00D-9F501D4AD973}.Debug|Any CPU.ActiveCfg = Debug|iPhone
		{746C878F-3C0C-477E-A00D-9F501D4AD973}.Debug|ARM.ActiveCfg = Debug|iPhone
		{746C878F-3C0C-477E-A00D-9F501D4AD973}.Debug|iPhone.ActiveCfg = Debug|iPhone
		{746C878F-3C0C-477E-A00D-9F501D4AD973}.Debug|iPhone.Build.0 = Debug|iPhone
		{746C878F-3C0C-477E-A00D-9F501D4AD973}.Debug|iPhoneSimulator.ActiveCfg = Debug|iPhoneSimulator
		{746C878F-3C0C-477E-A00D-9F501D4AD973}.Debug|iPhoneSimulator.Build.0 = Debug|iPhoneSimulator
		{746C878F-3C0C-477E-A00D-9F501D4AD973}.Debug|x64.ActiveCfg = Debug|iPhone
		{746C878F-3C0C-477E-A00D-9F501D4AD973}.Debug|x86.ActiveCfg = Debug|iPhone
		{746C878F-3C0C-477E-A00D-9F501D4AD973}.Release|Any CPU.ActiveCfg = Release|iPhone
		{746C878F-3C0C-477E-A00D-9F501D4AD973}.Release|ARM.ActiveCfg = Release|iPhone
		{746C878F-3C0C-477E-A00D-9F501D4AD973}.Release|iPhone.ActiveCfg = Release|iPhone
		{746C878F-3C0C-477E-A00D-9F501D4AD973}.Release|iPhone.Build.0 = Release|iPhone
		{746C878F-3C0C-477E-A00D-9F501D4AD973}.Release|iPhoneSimulator.ActiveCfg = Release|iPhoneSimulator
		{746C878F-3C0C-477E-A00D-9F501D4AD973}.Release|iPhoneSimulator.Build.0 = Release|iPhoneSimulator
		{746C878F-3C0C-477E-A00D-9F501D4AD973}.Release|x64.ActiveCfg = Release|iPhone
		{746C878F-3C0C-477E-A00D-9F501D4AD973}.Release|x86.ActiveCfg = Release|iPhone
		{B8963550-4C7E-46D1-8D09-3B7B04189BF6}.Ad-Hoc|Any CPU.ActiveCfg = Release|x86
		{B8963550-4C7E-46D1-8D09-3B7B04189BF6}.Ad-Hoc|Any CPU.Build.0 = Release|x86
		{B8963550-4C7E-46D1-8D09-3B7B04189BF6}.Ad-Hoc|Any CPU.Deploy.0 = Release|x86
		{B8963550-4C7E-46D1-8D09-3B7B04189BF6}.Ad-Hoc|ARM.ActiveCfg = Release|ARM
		{B8963550-4C7E-46D1-8D09-3B7B04189BF6}.Ad-Hoc|ARM.Build.0 = Release|ARM
		{B8963550-4C7E-46D1-8D09-3B7B04189BF6}.Ad-Hoc|ARM.Deploy.0 = Release|ARM
		{B8963550-4C7E-46D1-8D09-3B7B04189BF6}.Ad-Hoc|iPhone.ActiveCfg = Release|x86
		{B8963550-4C7E-46D1-8D09-3B7B04189BF6}.Ad-Hoc|iPhone.Build.0 = Release|x86
		{B8963550-4C7E-46D1-8D09-3B7B04189BF6}.Ad-Hoc|iPhone.Deploy.0 = Release|x86
		{B8963550-4C7E-46D1-8D09-3B7B04189BF6}.Ad-Hoc|iPhoneSimulator.ActiveCfg = Release|x86
		{B8963550-4C7E-46D1-8D09-3B7B04189BF6}.Ad-Hoc|iPhoneSimulator.Build.0 = Release|x86
		{B8963550-4C7E-46D1-8D09-3B7B04189BF6}.Ad-Hoc|iPhoneSimulator.Deploy.0 = Release|x86
		{B8963550-4C7E-46D1-8D09-3B7B04189BF6}.Ad-Hoc|x64.ActiveCfg = Release|x64
		{B8963550-4C7E-46D1-8D09-3B7B04189BF6}.Ad-Hoc|x64.Build.0 = Release|x64
		{B8963550-4C7E-46D1-8D09-3B7B04189BF6}.Ad-Hoc|x64.Deploy.0 = Release|x64
		{B8963550-4C7E-46D1-8D09-3B7B04189BF6}.Ad-Hoc|x86.ActiveCfg = Release|x86
		{B8963550-4C7E-46D1-8D09-3B7B04189BF6}.Ad-Hoc|x86.Build.0 = Release|x86
		{B8963550-4C7E-46D1-8D09-3B7B04189BF6}.Ad-Hoc|x86.Deploy.0 = Release|x86
		{B8963550-4C7E-46D1-8D09-3B7B04189BF6}.AppStore|Any CPU.ActiveCfg = Release|x86
		{B8963550-4C7E-46D1-8D09-3B7B04189BF6}.AppStore|Any CPU.Build.0 = Release|x86
		{B8963550-4C7E-46D1-8D09-3B7B04189BF6}.AppStore|Any CPU.Deploy.0 = Release|x86
		{B8963550-4C7E-46D1-8D09-3B7B04189BF6}.AppStore|ARM.ActiveCfg = Release|ARM
		{B8963550-4C7E-46D1-8D09-3B7B04189BF6}.AppStore|ARM.Build.0 = Release|ARM
		{B8963550-4C7E-46D1-8D09-3B7B04189BF6}.AppStore|ARM.Deploy.0 = Release|ARM
		{B8963550-4C7E-46D1-8D09-3B7B04189BF6}.AppStore|iPhone.ActiveCfg = Release|x86
		{B8963550-4C7E-46D1-8D09-3B7B04189BF6}.AppStore|iPhone.Build.0 = Release|x86
		{B8963550-4C7E-46D1-8D09-3B7B04189BF6}.AppStore|iPhone.Deploy.0 = Release|x86
		{B8963550-4C7E-46D1-8D09-3B7B04189BF6}.AppStore|iPhoneSimulator.ActiveCfg = Release|x86
		{B8963550-4C7E-46D1-8D09-3B7B04189BF6}.AppStore|iPhoneSimulator.Build.0 = Release|x86
		{B8963550-4C7E-46D1-8D09-3B7B04189BF6}.AppStore|iPhoneSimulator.Deploy.0 = Release|x86
		{B8963550-4C7E-46D1-8D09-3B7B04189BF6}.AppStore|x64.ActiveCfg = Release|x64
		{B8963550-4C7E-46D1-8D09-3B7B04189BF6}.AppStore|x64.Build.0 = Release|x64
		{B8963550-4C7E-46D1-8D09-3B7B04189BF6}.AppStore|x64.Deploy.0 = Release|x64
		{B8963550-4C7E-46D1-8D09-3B7B04189BF6}.AppStore|x86.ActiveCfg = Release|x86
		{B8963550-4C7E-46D1-8D09-3B7B04189BF6}.AppStore|x86.Build.0 = Release|x86
		{B8963550-4C7E-46D1-8D09-3B7B04189BF6}.AppStore|x86.Deploy.0 = Release|x86
		{B8963550-4C7E-46D1-8D09-3B7B04189BF6}.Debug|Any CPU.ActiveCfg = Debug|x86
		{B8963550-4C7E-46D1-8D09-3B7B04189BF6}.Debug|ARM.ActiveCfg = Debug|ARM
		{B8963550-4C7E-46D1-8D09-3B7B04189BF6}.Debug|ARM.Build.0 = Debug|ARM
		{B8963550-4C7E-46D1-8D09-3B7B04189BF6}.Debug|ARM.Deploy.0 = Debug|ARM
		{B8963550-4C7E-46D1-8D09-3B7B04189BF6}.Debug|iPhone.ActiveCfg = Debug|x86
		{B8963550-4C7E-46D1-8D09-3B7B04189BF6}.Debug|iPhoneSimulator.ActiveCfg = Debug|x86
		{B8963550-4C7E-46D1-8D09-3B7B04189BF6}.Debug|x64.ActiveCfg = Debug|x64
		{B8963550-4C7E-46D1-8D09-3B7B04189BF6}.Debug|x64.Build.0 = Debug|x64
		{B8963550-4C7E-46D1-8D09-3B7B04189BF6}.Debug|x64.Deploy.0 = Debug|x64
		{B8963550-4C7E-46D1-8D09-3B7B04189BF6}.Debug|x86.ActiveCfg = Debug|x86
		{B8963550-4C7E-46D1-8D09-3B7B04189BF6}.Debug|x86.Build.0 = Debug|x86
		{B8963550-4C7E-46D1-8D09-3B7B04189BF6}.Debug|x86.Deploy.0 = Debug|x86
		{B8963550-4C7E-46D1-8D09-3B7B04189BF6}.Release|Any CPU.ActiveCfg = Release|x86
		{B8963550-4C7E-46D1-8D09-3B7B04189BF6}.Release|ARM.ActiveCfg = Release|ARM
		{B8963550-4C7E-46D1-8D09-3B7B04189BF6}.Release|ARM.Build.0 = Release|ARM
		{B8963550-4C7E-46D1-8D09-3B7B04189BF6}.Release|ARM.Deploy.0 = Release|ARM
		{B8963550-4C7E-46D1-8D09-3B7B04189BF6}.Release|iPhone.ActiveCfg = Release|x86
		{B8963550-4C7E-46D1-8D09-3B7B04189BF6}.Release|iPhoneSimulator.ActiveCfg = Release|x86
		{B8963550-4C7E-46D1-8D09-3B7B04189BF6}.Release|x64.ActiveCfg = Release|x64
		{B8963550-4C7E-46D1-8D09-3B7B04189BF6}.Release|x64.Build.0 = Release|x64
		{B8963550-4C7E-46D1-8D09-3B7B04189BF6}.Release|x64.Deploy.0 = Release|x64
		{B8963550-4C7E-46D1-8D09-3B7B04189BF6}.Release|x86.ActiveCfg = Release|x86
		{B8963550-4C7E-46D1-8D09-3B7B04189BF6}.Release|x86.Build.0 = Release|x86
		{B8963550-4C7E-46D1-8D09-3B7B04189BF6}.Release|x86.Deploy.0 = Release|x86
		{12901A29-48EC-4C09-90C1-2F88781276CA}.Ad-Hoc|Any CPU.ActiveCfg = Debug|Any CPU
		{12901A29-48EC-4C09-90C1-2F88781276CA}.Ad-Hoc|Any CPU.Build.0 = Debug|Any CPU
		{12901A29-48EC-4C09-90C1-2F88781276CA}.Ad-Hoc|ARM.ActiveCfg = Debug|Any CPU
		{12901A29-48EC-4C09-90C1-2F88781276CA}.Ad-Hoc|ARM.Build.0 = Debug|Any CPU
		{12901A29-48EC-4C09-90C1-2F88781276CA}.Ad-Hoc|iPhone.ActiveCfg = Debug|Any CPU
		{12901A29-48EC-4C09-90C1-2F88781276CA}.Ad-Hoc|iPhone.Build.0 = Debug|Any CPU
		{12901A29-48EC-4C09-90C1-2F88781276CA}.Ad-Hoc|iPhoneSimulator.ActiveCfg = Debug|Any CPU
		{12901A29-48EC-4C09-90C1-2F88781276CA}.Ad-Hoc|iPhoneSimulator.Build.0 = Debug|Any CPU
		{12901A29-48EC-4C09-90C1-2F88781276CA}.Ad-Hoc|x64.ActiveCfg = Debug|Any CPU
		{12901A29-48EC-4C09-90C1-2F88781276CA}.Ad-Hoc|x64.Build.0 = Debug|Any CPU
		{12901A29-48EC-4C09-90C1-2F88781276CA}.Ad-Hoc|x86.ActiveCfg = Debug|Any CPU
		{12901A29-48EC-4C09-90C1-2F88781276CA}.Ad-Hoc|x86.Build.0 = Debug|Any CPU
		{12901A29-48EC-4C09-90C1-2F88781276CA}.AppStore|Any CPU.ActiveCfg = Debug|Any CPU
		{12901A29-48EC-4C09-90C1-2F88781276CA}.AppStore|Any CPU.Build.0 = Debug|Any CPU
		{12901A29-48EC-4C09-90C1-2F88781276CA}.AppStore|ARM.ActiveCfg = Debug|Any CPU
		{12901A29-48EC-4C09-90C1-2F88781276CA}.AppStore|ARM.Build.0 = Debug|Any CPU
		{12901A29-48EC-4C09-90C1-2F88781276CA}.AppStore|iPhone.ActiveCfg = Debug|Any CPU
		{12901A29-48EC-4C09-90C1-2F88781276CA}.AppStore|iPhone.Build.0 = Debug|Any CPU
		{12901A29-48EC-4C09-90C1-2F88781276CA}.AppStore|iPhoneSimulator.ActiveCfg = Debug|Any CPU
		{12901A29-48EC-4C09-90C1-2F88781276CA}.AppStore|iPhoneSimulator.Build.0 = Debug|Any CPU
		{12901A29-48EC-4C09-90C1-2F88781276CA}.AppStore|x64.ActiveCfg = Debug|Any CPU
		{12901A29-48EC-4C09-90C1-2F88781276CA}.AppStore|x64.Build.0 = Debug|Any CPU
		{12901A29-48EC-4C09-90C1-2F88781276CA}.AppStore|x86.ActiveCfg = Debug|Any CPU
		{12901A29-48EC-4C09-90C1-2F88781276CA}.AppStore|x86.Build.0 = Debug|Any CPU
		{12901A29-48EC-4C09-90C1-2F88781276CA}.Debug|Any CPU.ActiveCfg = Debug|Any CPU
		{12901A29-48EC-4C09-90C1-2F88781276CA}.Debug|Any CPU.Build.0 = Debug|Any CPU
		{12901A29-48EC-4C09-90C1-2F88781276CA}.Debug|ARM.ActiveCfg = Debug|Any CPU
		{12901A29-48EC-4C09-90C1-2F88781276CA}.Debug|ARM.Build.0 = Debug|Any CPU
		{12901A29-48EC-4C09-90C1-2F88781276CA}.Debug|iPhone.ActiveCfg = Debug|Any CPU
		{12901A29-48EC-4C09-90C1-2F88781276CA}.Debug|iPhone.Build.0 = Debug|Any CPU
		{12901A29-48EC-4C09-90C1-2F88781276CA}.Debug|iPhoneSimulator.ActiveCfg = Debug|Any CPU
		{12901A29-48EC-4C09-90C1-2F88781276CA}.Debug|iPhoneSimulator.Build.0 = Debug|Any CPU
		{12901A29-48EC-4C09-90C1-2F88781276CA}.Debug|x64.ActiveCfg = Debug|Any CPU
		{12901A29-48EC-4C09-90C1-2F88781276CA}.Debug|x64.Build.0 = Debug|Any CPU
		{12901A29-48EC-4C09-90C1-2F88781276CA}.Debug|x86.ActiveCfg = Debug|Any CPU
		{12901A29-48EC-4C09-90C1-2F88781276CA}.Debug|x86.Build.0 = Debug|Any CPU
		{12901A29-48EC-4C09-90C1-2F88781276CA}.Release|Any CPU.ActiveCfg = Release|Any CPU
		{12901A29-48EC-4C09-90C1-2F88781276CA}.Release|Any CPU.Build.0 = Release|Any CPU
		{12901A29-48EC-4C09-90C1-2F88781276CA}.Release|ARM.ActiveCfg = Release|Any CPU
		{12901A29-48EC-4C09-90C1-2F88781276CA}.Release|ARM.Build.0 = Release|Any CPU
		{12901A29-48EC-4C09-90C1-2F88781276CA}.Release|iPhone.ActiveCfg = Release|Any CPU
		{12901A29-48EC-4C09-90C1-2F88781276CA}.Release|iPhone.Build.0 = Release|Any CPU
		{12901A29-48EC-4C09-90C1-2F88781276CA}.Release|iPhoneSimulator.ActiveCfg = Release|Any CPU
		{12901A29-48EC-4C09-90C1-2F88781276CA}.Release|iPhoneSimulator.Build.0 = Release|Any CPU
		{12901A29-48EC-4C09-90C1-2F88781276CA}.Release|x64.ActiveCfg = Release|Any CPU
		{12901A29-48EC-4C09-90C1-2F88781276CA}.Release|x64.Build.0 = Release|Any CPU
		{12901A29-48EC-4C09-90C1-2F88781276CA}.Release|x86.ActiveCfg = Release|Any CPU
		{12901A29-48EC-4C09-90C1-2F88781276CA}.Release|x86.Build.0 = Release|Any CPU
	EndGlobalSection
	GlobalSection(SolutionProperties) = preSolution
		HideSolutionNode = FALSE
	EndGlobalSection
	GlobalSection(ExtensibilityGlobals) = postSolution
		SolutionGuid = {3DA6C7B8-3948-4C21-ABCB-C04F93BB96C4}
	EndGlobalSection
EndGlobal
